
Microsoft Visual Studio Solution File, Format Version 12.00
# Visual Studio Version 17
VisualStudioVersion = 17.9.34518.117
MinimumVisualStudioVersion = 10.0.40219.1
Project("{9A19103F-16F7-4668-BE54-9A1E7A4F7556}") = "Plex.Extensions.DbContext", "Plex.Extensions.DbContext\Plex.Extensions.DbContext.csproj", "{0B02B767-B01F-4D48-8AC8-380E4F065D08}"
EndProject
Project("{9A19103F-16F7-4668-BE54-9A1E7A4F7556}") = "Plex.Autofac.Helper", "Plex.Autofac.Helper\Plex.Autofac.Helper.csproj", "{7E557486-96BE-4827-892C-D2E6511E2C79}"
EndProject
Global
	GlobalSection(SolutionConfigurationPlatforms) = preSolution
		Debug|Any CPU = Debug|Any CPU
		Release|Any CPU = Release|Any CPU
	EndGlobalSection
	GlobalSection(ProjectConfigurationPlatforms) = postSolution
		{0B02B767-B01F-4D48-8AC8-380E4F065D08}.Debug|Any CPU.ActiveCfg = Debug|Any CPU
		{0B02B767-B01F-4D48-8AC8-380E4F065D08}.Debug|Any CPU.Build.0 = Debug|Any CPU
		{0B02B767-B01F-4D48-8AC8-380E4F065D08}.Release|Any CPU.ActiveCfg = Release|Any CPU
		{0B02B767-B01F-4D48-8AC8-380E4F065D08}.Release|Any CPU.Build.0 = Release|Any CPU
		{7E557486-96BE-4827-892C-D2E6511E2C79}.Debug|Any CPU.ActiveCfg = Debug|Any CPU
		{7E557486-96BE-4827-892C-D2E6511E2C79}.Debug|Any CPU.Build.0 = Debug|Any CPU
		{7E557486-96BE-4827-892C-D2E6511E2C79}.Release|Any CPU.ActiveCfg = Release|Any CPU
		{7E557486-96BE-4827-892C-D2E6511E2C79}.Release|Any CPU.Build.0 = Release|Any CPU
	EndGlobalSection
	GlobalSection(SolutionProperties) = preSolution
		HideSolutionNode = FALSE
	EndGlobalSection
	GlobalSection(ExtensibilityGlobals) = postSolution
		SolutionGuid = {EF376EAD-1C1D-4159-A670-56B26A6692F3}
	EndGlobalSection
EndGlobal
